
Microsoft Visual Studio Solution File, Format Version 12.00
# Visual Studio Version 17
VisualStudioVersion = 17.4.33122.133
MinimumVisualStudioVersion = 10.0.40219.1
Project("{FAE04EC0-301F-11D3-BF4B-00C04F79EFBC}") = "Jalasoft.Devlvl1.Collections", "Jalasoft.Devlvl1.Collections\Jalasoft.Devlvl1.Collections.csproj", "{91B7B33C-FE16-44C7-A485-2FC5369E4D2E}"
EndProject
Global
	GlobalSection(SolutionConfigurationPlatforms) = preSolution
		Debug|Any CPU = Debug|Any CPU
		Release|Any CPU = Release|Any CPU
	EndGlobalSection
	GlobalSection(ProjectConfigurationPlatforms) = postSolution
		{91B7B33C-FE16-44C7-A485-2FC5369E4D2E}.Debug|Any CPU.ActiveCfg = Debug|Any CPU
		{91B7B33C-FE16-44C7-A485-2FC5369E4D2E}.Debug|Any CPU.Build.0 = Debug|Any CPU
		{91B7B33C-FE16-44C7-A485-2FC5369E4D2E}.Release|Any CPU.ActiveCfg = Release|Any CPU
		{91B7B33C-FE16-44C7-A485-2FC5369E4D2E}.Release|Any CPU.Build.0 = Release|Any CPU
	EndGlobalSection
	GlobalSection(SolutionProperties) = preSolution
		HideSolutionNode = FALSE
	EndGlobalSection
	GlobalSection(ExtensibilityGlobals) = postSolution
		SolutionGuid = {433B0AD5-2039-4413-A1A6-D5731F09567E}
	EndGlobalSection
EndGlobal
